{
  "requires": true,
  "lockfileVersion": 1,
  "dependencies": {
    "weui": {
      "version": "2.1.4",
      "resolved": "https://registry.npmjs.org/weui/-/weui-2.1.4.tgz",
      "integrity": "sha512-TX61x4jz4ZLTRSOJRyqFUroDL3YsCzTMXDoZM7p1+yd1PZWAg5WCaYPSfLbWzmHk9L3w4X8BRGYUptPNrmu4iQ=="
    }
  }
}
